
Microsoft Visual Studio Solution File, Format Version 12.00
# Visual Studio Version 16
VisualStudioVersion = 16.0.32802.440
MinimumVisualStudioVersion = 10.0.40219.1
Project("{FAE04EC0-301F-11D3-BF4B-00C04F79EFBC}") = "EnumExercise", "EnumExercise\EnumExercise.csproj", "{FDDE3D70-7097-49BD-8C3D-2F8C00B2A090}"
EndProject
Global
	GlobalSection(SolutionConfigurationPlatforms) = preSolution
		Debug|Any CPU = Debug|Any CPU
		Release|Any CPU = Release|Any CPU
	EndGlobalSection
	GlobalSection(ProjectConfigurationPlatforms) = postSolution
		{FDDE3D70-7097-49BD-8C3D-2F8C00B2A090}.Debug|Any CPU.ActiveCfg = Debug|Any CPU
		{FDDE3D70-7097-49BD-8C3D-2F8C00B2A090}.Debug|Any CPU.Build.0 = Debug|Any CPU
		{FDDE3D70-7097-49BD-8C3D-2F8C00B2A090}.Release|Any CPU.ActiveCfg = Release|Any CPU
		{FDDE3D70-7097-49BD-8C3D-2F8C00B2A090}.Release|Any CPU.Build.0 = Release|Any CPU
	EndGlobalSection
	GlobalSection(SolutionProperties) = preSolution
		HideSolutionNode = FALSE
	EndGlobalSection
	GlobalSection(ExtensibilityGlobals) = postSolution
		SolutionGuid = {4F7FF610-0E61-4FB1-A228-615C1EA2F74B}
	EndGlobalSection
EndGlobal
